# Generated by pub
# See https://dart.dev/tools/pub/glossary#lockfile
packages:
  _fe_analyzer_shared:
    dependency: transitive
    description:
      name: _fe_analyzer_shared
      sha256: "5f16bc2705d7754d68f63d17e57143e105c3eef4301d38eb5ff21e004aaa3b2f"
      url: "https://pub.dev"
    source: hosted
    version: "39.0.0"
  analyzer:
    dependency: transitive
    description:
      name: analyzer
      sha256: fa393b46054e55d78959330d52e7e1154bc6305acc95b185643d1b72120dfebc
      url: "https://pub.dev"
    source: hosted
    version: "4.0.0"
  archive:
    dependency: transitive
    description:
      name: archive
      sha256: eb33140ede1b4039f4ad631f7bf3cfa58e24514e8bf87184bc32f17541af87fc
      url: "https://pub.dev"
    source: hosted
    version: "3.3.0"
  args:
    dependency: transitive
    description:
      name: args
      sha256: "0bd9a99b6eb96f07af141f0eb53eace8983e8e5aa5de59777aca31684680ef22"
      url: "https://pub.dev"
    source: hosted
    version: "2.3.0"
  asn1lib:
    dependency: transitive
    description:
      name: asn1lib
      sha256: c273725e171cea7e69c8953181202a2850297bcc7617916d83b396cd791a2dcd
      url: "https://pub.dev"
    source: hosted
    version: "1.1.0"
  async:
    dependency: transitive
    description:
      name: async
      sha256: bfe67ef28df125b7dddcea62755991f807aa39a2492a23e1550161692950bbe0
      url: "https://pub.dev"
    source: hosted
    version: "2.10.0"
  badges:
    dependency: "direct main"
    description:
      name: badges
      sha256: "03d0df98532607db96a16b9a6b725f844defac5590c757ae7b4e6b2117dc3038"
      url: "https://pub.dev"
    source: hosted
    version: "2.0.2"
  boolean_selector:
    dependency: transitive
    description:
      name: boolean_selector
      sha256: "6cfb5af12253eaf2b368f07bacc5a80d1301a071c73360d746b7f2e32d762c66"
      url: "https://pub.dev"
    source: hosted
    version: "2.1.1"
  build:
    dependency: transitive
    description:
      name: build
      sha256: "29a03af98de60b4eb9136acd56608a54e989f6da238a80af739415b05589d6df"
      url: "https://pub.dev"
    source: hosted
    version: "2.3.0"
  build_config:
    dependency: transitive
    description:
      name: build_config
      sha256: ad77deb6e9c143a3f550fbb4c5c1e0c6aadabe24274898d06b9526c61b9cf4fb
      url: "https://pub.dev"
    source: hosted
    version: "1.0.0"
  cached_network_image:
    dependency: "direct main"
    description:
      name: cached_network_image
      sha256: "91b01b2f54922423fa06dce455e0cd8fa46c551d01503162e067f84bab505e32"
      url: "https://pub.dev"
    source: hosted
    version: "3.2.0"
  cached_network_image_platform_interface:
    dependency: transitive
    description:
      name: cached_network_image_platform_interface
      sha256: "8e2b5befefec5063bee8f209fda21751f6328d405d4237c70f21104568b2fee7"
      url: "https://pub.dev"
    source: hosted
    version: "1.0.0"
  cached_network_image_web:
    dependency: transitive
    description:
      name: cached_network_image_web
      sha256: d4351c7eb16767df129b0474a5ebc4e028870379c063e8ba265a56aa00831e70
      url: "https://pub.dev"
    source: hosted
    version: "1.0.1"
  characters:
    dependency: transitive
    description:
      name: characters
      sha256: e6a326c8af69605aec75ed6c187d06b349707a27fbff8222ca9cc2cff167975c
      url: "https://pub.dev"
    source: hosted
    version: "1.2.1"
  charcode:
    dependency: transitive
    description:
      name: charcode
      sha256: fb98c0f6d12c920a02ee2d998da788bca066ca5f148492b7085ee23372b12306
      url: "https://pub.dev"
    source: hosted
    version: "1.3.1"
  checked_yaml:
    dependency: transitive
    description:
      name: checked_yaml
      sha256: dd007e4fb8270916820a0d66e24f619266b60773cddd082c6439341645af2659
      url: "https://pub.dev"
    source: hosted
    version: "2.0.1"
  chewie:
    dependency: transitive
    description:
      name: chewie
      sha256: "6c34eac95b61e12a09907db82adfcd8a0fc6e028363721c33fb05a761f47ff8d"
      url: "https://pub.dev"
    source: hosted
    version: "1.3.2"
  clock:
    dependency: transitive
    description:
      name: clock
      sha256: cb6d7f03e1de671e34607e909a7213e31d7752be4fb66a86d29fe1eb14bfb5cf
      url: "https://pub.dev"
    source: hosted
    version: "1.1.1"
  collection:
    dependency: "direct main"
    description:
      name: collection
      sha256: cfc915e6923fe5ce6e153b0723c753045de46de1b4d63771530504004a45fae0
      url: "https://pub.dev"
    source: hosted
    version: "1.17.0"
  connectivity_plus:
    dependency: "direct main"
    description:
      name: connectivity_plus
      sha256: "08c3225c50d9f5ed12f24651332ef783a1680fadddcfa93352e55f70f8ef6a25"
      url: "https://pub.dev"
    source: hosted
    version: "2.3.0"
  connectivity_plus_linux:
    dependency: transitive
    description:
      name: connectivity_plus_linux
      sha256: "51b973f7c39e4cc742b45ba53ab8322940f5487a5a837fffe0697098bc02479a"
      url: "https://pub.dev"
    source: hosted
    version: "1.3.0"
  connectivity_plus_macos:
    dependency: transitive
    description:
      name: connectivity_plus_macos
      sha256: ca58f3fbe862b72f93224aea78da5f7c1b3bb32ec6f12660fc1de0451bbdd827
      url: "https://pub.dev"
    source: hosted
    version: "1.2.2"
  connectivity_plus_platform_interface:
    dependency: transitive
    description:
      name: connectivity_plus_platform_interface
      sha256: "533aee290f4a0d22832ecedf03cfdc90866090218accf194d9cf2266037b6b31"
      url: "https://pub.dev"
    source: hosted
    version: "1.2.0"
  connectivity_plus_web:
    dependency: transitive
    description:
      name: connectivity_plus_web
      sha256: "7bb2182b98928d153c775ecf592044254d97bbfdbd2e677d713098c39effc87a"
      url: "https://pub.dev"
    source: hosted
    version: "1.2.0"
  connectivity_plus_windows:
    dependency: transitive
    description:
      name: connectivity_plus_windows
      sha256: "729882a35e0ee74516a8ea7a373c013070d25ec4674b73670cf9facc1f4b9586"
      url: "https://pub.dev"
    source: hosted
    version: "1.2.0"
  convert:
    dependency: transitive
    description:
      name: convert
      sha256: f08428ad63615f96a27e34221c65e1a451439b5f26030f78d790f461c686d65d
      url: "https://pub.dev"
    source: hosted
    version: "3.0.1"
  cross_file:
    dependency: transitive
    description:
      name: cross_file
      sha256: "93ccb9d2a91854ce7233583809774e2d3fbac6eef03c255eb6cd4db8b1242f0f"
      url: "https://pub.dev"
    source: hosted
    version: "0.3.3"
  crypto:
    dependency: transitive
    description:
      name: crypto
      sha256: aa274aa7774f8964e4f4f38cc994db7b6158dd36e9187aaceaddc994b35c6c67
      url: "https://pub.dev"
    source: hosted
    version: "3.0.2"
  crypto_keys:
    dependency: transitive
    description:
      name: crypto_keys
      sha256: aece28bf800f045577db1ec0c206088dcbcb620837ba35acbdc03e5c6ba8d799
      url: "https://pub.dev"
    source: hosted
    version: "0.3.0"
  csslib:
    dependency: transitive
    description:
      name: csslib
      sha256: d1cd6d6e4b39a4ad295204722b8608f19981677b223f3e942c0b5a33dcf57ec0
      url: "https://pub.dev"
    source: hosted
    version: "0.17.1"
  cupertino_icons:
    dependency: "direct main"
    description:
      name: cupertino_icons
      sha256: "1989d917fbe8e6b39806207df5a3fdd3d816cbd090fac2ce26fb45e9a71476e5"
      url: "https://pub.dev"
    source: hosted
    version: "1.0.4"
  dart_style:
    dependency: transitive
    description:
      name: dart_style
      sha256: "8aff82f9b26fd868992e5430335a9d773bfef01e1d852d7ba71bf4c5d9349351"
      url: "https://pub.dev"
    source: hosted
    version: "2.2.3"
  dbus:
    dependency: transitive
    description:
      name: dbus
      sha256: "4f814fc7e73057f78f307a6c4714fe2ffb4bdb994ab1970540a068ec4d5a45be"
      url: "https://pub.dev"
    source: hosted
    version: "0.7.3"
  diacritic:
    dependency: transitive
    description:
      name: diacritic
      sha256: c09a420e737dc036122121fea9f774767e95068f34a17894ee9db30c5bda3075
      url: "https://pub.dev"
    source: hosted
    version: "0.1.3"
  dio:
    dependency: transitive
    description:
      name: dio
      sha256: "7d328c4d898a61efc3cd93655a0955858e29a0aa647f0f9e02d59b3bb275e2e8"
      url: "https://pub.dev"
    source: hosted
    version: "4.0.6"
  dropdown_button2:
    dependency: "direct main"
    description:
      name: dropdown_button2
      sha256: "9e9d306ee16d8959db3294f8f5bc1b83fa81c116e1feb0a536b32fe20ff5e6a2"
      url: "https://pub.dev"
    source: hosted
    version: "1.4.0"
  equatable:
    dependency: transitive
    description:
      name: equatable
      sha256: c6094fd1efad3046334a9c40bee022147e55c25401ccd89b94e373e3edadd375
      url: "https://pub.dev"
    source: hosted
    version: "2.0.3"
  ezanimation:
    dependency: transitive
    description:
      name: ezanimation
      sha256: d197e83f1746e9c362150c66a7c55e1fa57f514bf9654fcd30a001139b7a7a92
      url: "https://pub.dev"
    source: hosted
    version: "0.6.0"
  fake_async:
    dependency: transitive
    description:
      name: fake_async
      sha256: "511392330127add0b769b75a987850d136345d9227c6b94c96a04cf4a391bf78"
      url: "https://pub.dev"
    source: hosted
    version: "1.3.1"
  ffi:
    dependency: transitive
    description:
      name: ffi
      sha256: "35d0f481d939de0d640b3db9a7aa36a52cd22054a798a73b4f50bdad5ce12678"
      url: "https://pub.dev"
    source: hosted
    version: "1.1.2"
  file:
    dependency: transitive
    description:
      name: file
      sha256: b69516f2c26a5bcac4eee2e32512e1a5205ab312b3536c1c1227b2b942b5f9ad
      url: "https://pub.dev"
    source: hosted
    version: "6.1.2"
  file_picker:
    dependency: transitive
    description:
      name: file_picker
      sha256: "06375c7312d69fc577b2d4cea315f781386bb2ae9544aca5b248467ec88f8968"
      url: "https://pub.dev"
    source: hosted
    version: "4.5.1"
  firebase_core:
    dependency: "direct main"
    description:
      name: firebase_core
      sha256: "9d6c0895eb0e0c33b1a466b87014c7edfd06b1af86a3bb28e80479e250d5a877"
      url: "https://pub.dev"
    source: hosted
    version: "1.16.0"
  firebase_core_platform_interface:
    dependency: transitive
    description:
      name: firebase_core_platform_interface
      sha256: "8ee24e9cdafa9abb66bf0d83c88f92626442b88a5e32c3e3decd48d032ff6b6a"
      url: "https://pub.dev"
    source: hosted
    version: "4.3.0"
  firebase_core_web:
    dependency: transitive
    description:
      name: firebase_core_web
      sha256: "2516e02dc23245db43cc8fbf0818b102e28fa471a68cf33591952845d755e99f"
      url: "https://pub.dev"
    source: hosted
    version: "1.6.3"
  firebase_messaging:
    dependency: "direct main"
    description:
      name: firebase_messaging
      sha256: "7507bbb9d43424c61e13af8dbe6ddc20706a76f7311669fd52e8a46dc4b81e2c"
      url: "https://pub.dev"
    source: hosted
    version: "11.3.0"
  firebase_messaging_platform_interface:
    dependency: transitive
    description:
      name: firebase_messaging_platform_interface
      sha256: "42c5100474850bf4f918a5d641e2e1dfb72c25aa7cd50d3e2a9cfb14fd88b22e"
      url: "https://pub.dev"
    source: hosted
    version: "3.4.0"
  firebase_messaging_web:
    dependency: transitive
    description:
      name: firebase_messaging_web
      sha256: "447fc33f2dfb4ad150e39135c8070aa33448067f2a4a304aad1b7206c01fa973"
      url: "https://pub.dev"
    source: hosted
    version: "2.3.0"
  flutter:
    dependency: "direct main"
    description: flutter
    source: sdk
    version: "0.0.0"
  flutter_blurhash:
    dependency: transitive
    description:
      name: flutter_blurhash
      sha256: "93f1c766a03dee60ced31b4b536fbc406c21c9cfac3064fd4138129bff44444d"
      url: "https://pub.dev"
    source: hosted
    version: "0.6.8"
  flutter_cache_manager:
    dependency: transitive
    description:
      name: flutter_cache_manager
      sha256: "32cd900555219333326a2d0653aaaf8671264c29befa65bbd9856d204a4c9fb3"
      url: "https://pub.dev"
    source: hosted
    version: "3.3.0"
  flutter_downloader:
    dependency: "direct main"
    description:
      name: flutter_downloader
      sha256: a679e18bc6703480823ed1b19de11de4547c913b1fd80e717fcdca3ee6ffc441
      url: "https://pub.dev"
    source: hosted
    version: "1.7.3"
  flutter_feather_icons:
    dependency: "direct main"
    description:
      name: flutter_feather_icons
      sha256: b33b9c276fc8108254632da6644cf01f71af6c17fbfb26e136a86945f5ff9b67
      url: "https://pub.dev"
    source: hosted
    version: "2.0.0+1"
  flutter_launcher_icons:
    dependency: "direct main"
    description:
      name: flutter_launcher_icons
      sha256: e4d29b76a94cc439c3cb1d8946020bd478e50480a72a256ed6861dae91897962
      url: "https://pub.dev"
    source: hosted
    version: "0.9.2"
  flutter_local_notifications:
    dependency: "direct main"
    description:
      name: flutter_local_notifications
      sha256: "925ee6f2be5e4fa5611e87ddbd1177b0527e81c1d5f94a78052449494ca02673"
      url: "https://pub.dev"
    source: hosted
    version: "9.5.2"
  flutter_local_notifications_linux:
    dependency: transitive
    description:
      name: flutter_local_notifications_linux
      sha256: "51ef74118fb9a712bd394808066a20117865e0c34b3228002d02730b59a8ef64"
      url: "https://pub.dev"
    source: hosted
    version: "0.4.2"
  flutter_local_notifications_platform_interface:
    dependency: transitive
    description:
      name: flutter_local_notifications_platform_interface
      sha256: "21bceee103a66a53b30ea9daf677f990e5b9e89b62f222e60dd241cd08d63d3a"
      url: "https://pub.dev"
    source: hosted
    version: "5.0.0"
  flutter_markdown:
    dependency: transitive
    description:
      name: flutter_markdown
      sha256: "8a7c06488c33d0f9b1318d7509fae626a00d9e24b817be7fe6ec018251d8db3f"
      url: "https://pub.dev"
    source: hosted
    version: "0.6.10"
  flutter_native_splash:
    dependency: "direct main"
    description:
      name: flutter_native_splash
      sha256: "36f76d3a18757e43ea9ec4a9e4b5e1f5a1303623d10ae73e67e2450d3c6d4123"
      url: "https://pub.dev"
    source: hosted
    version: "2.1.6"
  flutter_plugin_android_lifecycle:
    dependency: transitive
    description:
      name: flutter_plugin_android_lifecycle
      sha256: "5c574d21b98ec92adab05ead10afd2b13ff5856c7ca79696edb338a9dd8ed387"
      url: "https://pub.dev"
    source: hosted
    version: "2.0.5"
  flutter_portal:
    dependency: transitive
    description:
      name: flutter_portal
      sha256: "4eb4e2fd00a29bfdbf118718646d994f4e383aaf38b44e9c1418bb43c7c82ce0"
      url: "https://pub.dev"
    source: hosted
    version: "1.0.0"
  flutter_slidable:
    dependency: "direct main"
    description:
      name: flutter_slidable
      sha256: ab07e4c793f8d0c9c9e2062d264bd9e61cf50e3ecbbef496d4f4a4f1e705cd38
      url: "https://pub.dev"
    source: hosted
    version: "1.2.0"
  flutter_svg:
    dependency: "direct main"
    description:
      name: flutter_svg
      sha256: c9bb2757b8a0bbf8e45f4069a90d2b9dbafc80b1a5e28d43e29088be533e6df4
      url: "https://pub.dev"
    source: hosted
    version: "1.0.3"
  flutter_test:
    dependency: "direct dev"
    description: flutter
    source: sdk
    version: "0.0.0"
  flutter_web_plugins:
    dependency: transitive
    description: flutter
    source: sdk
    version: "0.0.0"
  fluttertoast:
    dependency: "direct main"
    description:
      name: fluttertoast
      sha256: "2f9c4d3f4836421f7067a28f8939814597b27614e021da9d63e5d3fb6e212d25"
      url: "https://pub.dev"
    source: hosted
    version: "8.2.1"
  freezed_annotation:
    dependency: transitive
    description:
      name: freezed_annotation
      sha256: "1be037f901137bf2b9a0c309e9bf2694d6ec77687645211218191ade4f41a4b8"
      url: "https://pub.dev"
    source: hosted
    version: "1.1.0"
  get:
    dependency: "direct main"
    description:
      name: get
      sha256: "34cd0cfbbb76e3aa3f9d582b467a5d326235dd7a57276b6d8b5ead51cf51a256"
      url: "https://pub.dev"
    source: hosted
    version: "4.6.1"
  get_it:
    dependency: "direct main"
    description:
      name: get_it
      sha256: "290fde3a86072e4b37dbb03c07bec6126f0ecc28dad403c12ffe2e5a2d751ab7"
      url: "https://pub.dev"
    source: hosted
    version: "7.2.0"
  get_storage:
    dependency: "direct main"
    description:
      name: get_storage
      sha256: "00b3908d9cd4138738b4db69bcc0fc1cf4ee8570c06594136569470f32a84207"
      url: "https://pub.dev"
    source: hosted
    version: "2.0.3"
  glob:
    dependency: transitive
    description:
      name: glob
      sha256: "8321dd2c0ab0683a91a51307fa844c6db4aa8e3981219b78961672aaab434658"
      url: "https://pub.dev"
    source: hosted
    version: "2.0.2"
  hexcolor:
    dependency: "direct main"
    description:
      name: hexcolor
      sha256: e572c3346f4b26422a281dc4c10f83022131f56f7364837671b50f53c7adc5e7
      url: "https://pub.dev"
    source: hosted
    version: "2.0.7"
  html:
    dependency: transitive
    description:
      name: html
      sha256: bfef906cbd4e78ef49ae511d9074aebd1d2251482ef601a280973e8b58b51bbf
      url: "https://pub.dev"
    source: hosted
    version: "0.15.0"
  http:
    dependency: "direct main"
    description:
      name: http
      sha256: "2ed163531e071c2c6b7c659635112f24cb64ecbebf6af46b550d536c0b1aa112"
      url: "https://pub.dev"
    source: hosted
    version: "0.13.4"
  http_parser:
    dependency: transitive
    description:
      name: http_parser
      sha256: e362d639ba3bc07d5a71faebb98cde68c05bfbcfbbb444b60b6f60bb67719185
      url: "https://pub.dev"
    source: hosted
    version: "4.0.0"
  image:
    dependency: transitive
    description:
      name: image
      sha256: "02bafd3b4f399bfeb10034deba9753d93b55ce41cd0c4d3d8b355626f80e5b32"
      url: "https://pub.dev"
    source: hosted
    version: "3.1.3"
  image_gallery_saver:
    dependency: transitive
    description:
      name: image_gallery_saver
      sha256: be812580c7a320d3bf583af89cac6b376f170d48000aca75215a73285a3223a0
      url: "https://pub.dev"
    source: hosted
    version: "1.7.1"
  image_picker:
    dependency: "direct main"
    description:
      name: image_picker
      sha256: c4518b23fb5334ea34602f20470616400f53224b4901401678cdb98df78ea431
      url: "https://pub.dev"
    source: hosted
    version: "0.8.5"
  image_picker_android:
    dependency: transitive
    description:
      name: image_picker_android
      sha256: "3ebd6bb2f6ddd4b9c7175b7f0fb1c7d12ac3c342eef9638ad7c7298013fca4fe"
      url: "https://pub.dev"
    source: hosted
    version: "0.8.4+11"
  image_picker_for_web:
    dependency: transitive
    description:
      name: image_picker_for_web
      sha256: "837609ccdb538b6d255808f6920179af004f2fecd1eb529fb14d313c289a9333"
      url: "https://pub.dev"
    source: hosted
    version: "2.1.6"
  image_picker_ios:
    dependency: transitive
    description:
      name: image_picker_ios
      sha256: "046056d43292f0d5636d32926d8f9098374780e965496d2b713b140bf7a9af79"
      url: "https://pub.dev"
    source: hosted
    version: "0.8.5"
  image_picker_platform_interface:
    dependency: transitive
    description:
      name: image_picker_platform_interface
      sha256: "32eeb07cc4cac86ff61d5f4efb5756098e17841411ad010f380a61837da9eaf6"
      url: "https://pub.dev"
    source: hosted
    version: "2.4.4"
  intl:
    dependency: transitive
    description:
      name: intl
      sha256: "910f85bce16fb5c6f614e117efa303e85a1731bb0081edf3604a2ae6e9a3cc91"
      url: "https://pub.dev"
    source: hosted
    version: "0.17.0"
  jiffy:
    dependency: "direct main"
    description:
      name: jiffy
      sha256: "85172c4fc975a50224521c05bf43abc845288863b19d91bd3c221a96a8785dd3"
      url: "https://pub.dev"
    source: hosted
    version: "5.0.0"
  jose:
    dependency: transitive
    description:
      name: jose
      sha256: "907f3484bead9033ef1ae5451b0cada8f5b41ad17bb4d61022548ca3ab599e0d"
      url: "https://pub.dev"
    source: hosted
    version: "0.3.2"
  js:
    dependency: transitive
    description:
      name: js
      sha256: "5528c2f391ededb7775ec1daa69e65a2d61276f7552de2b5f7b8d34ee9fd4ab7"
      url: "https://pub.dev"
    source: hosted
    version: "0.6.5"
  json_annotation:
    dependency: transitive
    description:
      name: json_annotation
      sha256: "53cddd9d4a2d253d977dbbd21642f20f580a6a65fcc05d9d69b9f0ecc264cad9"
      url: "https://pub.dev"
    source: hosted
    version: "4.5.0"
  json_serializable:
    dependency: "direct main"
    description:
      name: json_serializable
      sha256: "4fc3fb22675ffa717c9f0e7bb53ce769f43416042d33280d6c167a62afaee75d"
      url: "https://pub.dev"
    source: hosted
    version: "6.2.0"
  lint:
    dependency: transitive
    description:
      name: lint
      sha256: "5715d702a2c3b493e09ed9e223625f0fc1f75e04167e338133a4cef28b868c1f"
      url: "https://pub.dev"
    source: hosted
    version: "1.8.2"
  logging:
    dependency: transitive
    description:
      name: logging
      sha256: "293ae2d49fd79d4c04944c3a26dfd313382d5f52e821ec57119230ae16031ad4"
      url: "https://pub.dev"
    source: hosted
    version: "1.0.2"
  lottie:
    dependency: transitive
    description:
      name: lottie
      sha256: "89bb672170a04f45dca8ab497d6edccccf8556bb2ad4ad21fcb66f8e9c1bc39a"
      url: "https://pub.dev"
    source: hosted
    version: "1.3.0"
  markdown:
    dependency: transitive
    description:
      name: markdown
      sha256: "39caf989ccc72c63e87b961851a74257141938599ed2db45fbd9403fee0db423"
      url: "https://pub.dev"
    source: hosted
    version: "5.0.0"
  matcher:
    dependency: transitive
    description:
      name: matcher
      sha256: "16db949ceee371e9b99d22f88fa3a73c4e59fd0afed0bd25fc336eb76c198b72"
      url: "https://pub.dev"
    source: hosted
    version: "0.12.13"
  material_color_utilities:
    dependency: transitive
    description:
      name: material_color_utilities
      sha256: d92141dc6fe1dad30722f9aa826c7fbc896d021d792f80678280601aff8cf724
      url: "https://pub.dev"
    source: hosted
    version: "0.2.0"
  meta:
    dependency: transitive
    description:
      name: meta
      sha256: "6c268b42ed578a53088d834796959e4a1814b5e9e164f147f580a386e5decf42"
      url: "https://pub.dev"
    source: hosted
    version: "1.8.0"
  mime:
    dependency: transitive
    description:
      name: mime
      sha256: dab22e92b41aa1255ea90ddc4bc2feaf35544fd0728e209638cad041a6e3928a
      url: "https://pub.dev"
    source: hosted
    version: "1.0.2"
  nested:
    dependency: transitive
    description:
      name: nested
      sha256: "03bac4c528c64c95c722ec99280375a6f2fc708eec17c7b3f07253b626cd2a20"
      url: "https://pub.dev"
    source: hosted
    version: "1.0.0"
  nm:
    dependency: transitive
    description:
      name: nm
      sha256: "2c9aae4127bdc8993206464fcc063611e0e36e72018696cd9631023a31b24254"
      url: "https://pub.dev"
    source: hosted
    version: "0.5.0"
  octo_image:
    dependency: transitive
    description:
      name: octo_image
      sha256: a4d69f0677d742a5c76b26430aeae9420656226f8b6add0f3d9a7c6309f35012
      url: "https://pub.dev"
    source: hosted
    version: "1.0.1"
  onesignal_flutter:
    dependency: "direct main"
    description:
      name: onesignal_flutter
      sha256: "89aa9be814aaf0dcd11e0987d9b5f750fd98938d8680a8431ae53529e4020785"
      url: "https://pub.dev"
    source: hosted
    version: "3.3.0"
  package_config:
    dependency: transitive
    description:
      name: package_config
      sha256: a4d5ede5ca9c3d88a2fef1147a078570c861714c806485c596b109819135bc12
      url: "https://pub.dev"
    source: hosted
    version: "2.0.2"
  path:
    dependency: transitive
    description:
      name: path
      sha256: db9d4f58c908a4ba5953fcee2ae317c94889433e5024c27ce74a37f94267945b
      url: "https://pub.dev"
    source: hosted
    version: "1.8.2"
  path_drawing:
    dependency: transitive
    description:
      name: path_drawing
      sha256: a19347362f85a45aadf6bdfa3c04f18ff6676c445375eecd6251f9e09b9db551
      url: "https://pub.dev"
    source: hosted
    version: "1.0.0"
  path_parsing:
    dependency: transitive
    description:
      name: path_parsing
      sha256: "9508ebdf1c3ac3a68ad5fb15edab8b026382999f18f77352349e56fbd74183ac"
      url: "https://pub.dev"
    source: hosted
    version: "1.0.0"
  path_provider:
    dependency: transitive
    description:
      name: path_provider
      sha256: e92dee4d38a9044605cb3fb253e9b46eb9375dfcad4515d0379b44ac90797568
      url: "https://pub.dev"
    source: hosted
    version: "2.0.9"
  path_provider_android:
    dependency: transitive
    description:
      name: path_provider_android
      sha256: "32bbab16092df3bedab89ed9f2c1cfaedf25d96a5036f62f16d5e372890d068c"
      url: "https://pub.dev"
    source: hosted
    version: "2.0.13"
  path_provider_ios:
    dependency: transitive
    description:
      name: path_provider_ios
      sha256: "943b76e54056386432cdc2731cb303e2f580346b61a1fc73819721767be72309"
      url: "https://pub.dev"
    source: hosted
    version: "2.0.8"
  path_provider_linux:
    dependency: transitive
    description:
      name: path_provider_linux
      sha256: "1e109f4df28bd95eab71e323008b53d19c4d633bc1ab05b577518773474e9621"
      url: "https://pub.dev"
    source: hosted
    version: "2.1.5"
  path_provider_macos:
    dependency: transitive
    description:
      name: path_provider_macos
      sha256: "0adeb313e1f2c3fc52baeeee59b0fe9c2d1f7da56fd96a9234e1702ec653a453"
      url: "https://pub.dev"
    source: hosted
    version: "2.0.5"
  path_provider_platform_interface:
    dependency: transitive
    description:
      name: path_provider_platform_interface
      sha256: "3dc0d51b07f85fec3746d9f4e8d31c73bb173cafa2e763f03f8df2e8d1878882"
      url: "https://pub.dev"
    source: hosted
    version: "2.0.3"
  path_provider_windows:
    dependency: transitive
    description:
      name: path_provider_windows
      sha256: "366ad4e3541ea707f859e7148d4d5aba67d589d7936cee04a05c464a277eeb27"
      url: "https://pub.dev"
    source: hosted
    version: "2.0.5"
  pedantic:
    dependency: transitive
    description:
      name: pedantic
      sha256: "67fc27ed9639506c856c840ccce7594d0bdcd91bc8d53d6e52359449a1d50602"
      url: "https://pub.dev"
    source: hosted
    version: "1.11.1"
  petitparser:
    dependency: transitive
    description:
      name: petitparser
      sha256: "1a914995d4ef10c94ff183528c120d35ed43b5eaa8713fc6766a9be4570782e2"
      url: "https://pub.dev"
    source: hosted
    version: "4.4.0"
  photo_manager:
    dependency: transitive
    description:
      name: photo_manager
      sha256: "35bb79938c702a8a60af433dba4a57b95207c1a37a52395a8c15fb02957f53d4"
      url: "https://pub.dev"
    source: hosted
    version: "2.0.8"
  photo_view:
    dependency: transitive
    description:
      name: photo_view
      sha256: "26cb153080a2673bebccaf72d3283e82f8f41a47fe5f9bc5ba8634d2e8a9fc8e"
      url: "https://pub.dev"
    source: hosted
    version: "0.13.0"
  php_serializer:
    dependency: "direct main"
    description:
      name: php_serializer
      sha256: b1f98f502c570c78463f3b95dde42c71484c76e6c7b4a95038a68bd59881d508
      url: "https://pub.dev"
    source: hosted
    version: "1.1.0"
  platform:
    dependency: transitive
    description:
      name: platform
      sha256: "4a451831508d7d6ca779f7ac6e212b4023dd5a7d08a27a63da33756410e32b76"
      url: "https://pub.dev"
    source: hosted
    version: "3.1.0"
  plugin_platform_interface:
    dependency: transitive
    description:
      name: plugin_platform_interface
      sha256: "075f927ebbab4262ace8d0b283929ac5410c0ac4e7fc123c76429564facfb757"
      url: "https://pub.dev"
    source: hosted
    version: "2.1.2"
  pointycastle:
    dependency: transitive
    description:
      name: pointycastle
      sha256: "0edfe20fdabaf4cd97e234f66a509f8dc7dc9c55ee2c226027be7be86de612c3"
      url: "https://pub.dev"
    source: hosted
    version: "3.6.0"
  process:
    dependency: transitive
    description:
      name: process
      sha256: "53fd8db9cec1d37b0574e12f07520d582019cb6c44abf5479a01505099a34a09"
      url: "https://pub.dev"
    source: hosted
    version: "4.2.4"
  provider:
    dependency: transitive
    description:
      name: provider
      sha256: "7896193cf752c40ba7f7732a95264319a787871e5d628225357f5c909182bc06"
      url: "https://pub.dev"
    source: hosted
    version: "6.0.2"
  pub_semver:
    dependency: transitive
    description:
      name: pub_semver
      sha256: "816c1a640e952d213ddd223b3e7aafae08cd9f8e1f6864eed304cc13b0272b07"
      url: "https://pub.dev"
    source: hosted
    version: "2.1.1"
  pubspec_parse:
    dependency: transitive
    description:
      name: pubspec_parse
      sha256: "3686efe4a4613a4449b1a4ae08670aadbd3376f2e78d93e3f8f0919db02a7256"
      url: "https://pub.dev"
    source: hosted
    version: "1.2.0"
  quiver:
    dependency: transitive
    description:
      name: quiver
      sha256: "93982981971e812c94d4a6fa3a57b89f9ec12b38b6380cd3c1370c3b01e4580e"
      url: "https://pub.dev"
    source: hosted
    version: "3.1.0"
  rate_limiter:
    dependency: transitive
    description:
      name: rate_limiter
      sha256: "5d353ebbe1779bb26e08a593991f6a056ec0a23a02bc4ae1426554db0f867be6"
      url: "https://pub.dev"
    source: hosted
    version: "0.1.1"
  rxdart:
    dependency: transitive
    description:
      name: rxdart
      sha256: bc2d2b17b87fab32e2dca53ca3066d3147de6f96c74d76cfe1a379a24239c46d
      url: "https://pub.dev"
    source: hosted
    version: "0.27.3"
  share_plus:
    dependency: transitive
    description:
      name: share_plus
      sha256: b63e70d1d0258763f4ea41f76e7f1f3ca7bb381bc80ccbf805b89bc2261cf7e8
      url: "https://pub.dev"
    source: hosted
    version: "4.0.4"
  share_plus_linux:
    dependency: transitive
    description:
      name: share_plus_linux
      sha256: "308853d0472048e4c9b58ccc7faee6937732dc9fee7ab8e09f28bcd8d00a7a03"
      url: "https://pub.dev"
    source: hosted
    version: "3.0.0"
  share_plus_macos:
    dependency: transitive
    description:
      name: share_plus_macos
      sha256: "5d9be95793e8729eb2b339af03777cc70c37d080e9eb2061731f4cfb5d4e0421"
      url: "https://pub.dev"
    source: hosted
    version: "3.0.0"
  share_plus_platform_interface:
    dependency: transitive
    description:
      name: share_plus_platform_interface
      sha256: "64e32d66cdd96d5c34b4d160336e0c93a9604df98374a241d9bbd97a981b3851"
      url: "https://pub.dev"
    source: hosted
    version: "3.0.2"
  share_plus_web:
    dependency: transitive
    description:
      name: share_plus_web
      sha256: a0ebda2843d923a839d6f02eaf58f95ef165370f9eb4504f21bf1cca40668a34
      url: "https://pub.dev"
    source: hosted
    version: "3.0.0"
  share_plus_windows:
    dependency: transitive
    description:
      name: share_plus_windows
      sha256: acd77157d19e4611a9742b68e9f1976d25af887db82a834f63033d29ef514b0e
      url: "https://pub.dev"
    source: hosted
    version: "3.0.0"
  shared_preferences:
    dependency: "direct main"
    description:
      name: shared_preferences
      sha256: "1cd0c3c0be0826eb52362ab018a81eed13b616ad9a52548c6ceb1bb349e6b6eb"
      url: "https://pub.dev"
    source: hosted
    version: "2.0.13"
  shared_preferences_android:
    dependency: transitive
    description:
      name: shared_preferences_android
      sha256: bc236594233d10b7668dd90414fe0e09d906115aaa1dfe269e478e5f2af532a6
      url: "https://pub.dev"
    source: hosted
    version: "2.0.11"
  shared_preferences_ios:
    dependency: transitive
    description:
      name: shared_preferences_ios
      sha256: "69d593a80fee48b97c66787eb930cdd42941c1537e80a1ff88a8c12a926c47d4"
      url: "https://pub.dev"
    source: hosted
    version: "2.1.0"
  shared_preferences_linux:
    dependency: transitive
    description:
      name: shared_preferences_linux
      sha256: ac361c65c4cf342dfc0a8b9e45eab66b9b3ad6eaff9785850d4ec0cf6b474422
      url: "https://pub.dev"
    source: hosted
    version: "2.1.0"
  shared_preferences_macos:
    dependency: transitive
    description:
      name: shared_preferences_macos
      sha256: f063907c3f678de8daa033d234b7c9e420df5fe3d499a97bfb82cc30cf171496
      url: "https://pub.dev"
    source: hosted
    version: "2.0.3"
  shared_preferences_platform_interface:
    dependency: transitive
    description:
      name: shared_preferences_platform_interface
      sha256: "992f0fdc46d0a3c0ac2e5859f2de0e577bbe51f78a77ee8f357cbe626a2ad32d"
      url: "https://pub.dev"
    source: hosted
    version: "2.0.0"
  shared_preferences_web:
    dependency: transitive
    description:
      name: shared_preferences_web
      sha256: "09da0185028a227d51721cade7a3cbd5cc5f163a19593266f2acba87f729bf9c"
      url: "https://pub.dev"
    source: hosted
    version: "2.0.3"
  shared_preferences_windows:
    dependency: transitive
    description:
      name: shared_preferences_windows
      sha256: ae68cf0df0910e38c95522dbd8a6082ce9715053c369750c5709d17de81d032e
      url: "https://pub.dev"
    source: hosted
    version: "2.1.0"
  shimmer:
    dependency: transitive
    description:
      name: shimmer
      sha256: "1f1009b5845a1f88f1c5630212279540486f97409e9fc3f63883e71070d107bf"
      url: "https://pub.dev"
    source: hosted
    version: "2.0.0"
  simple_gesture_detector:
    dependency: transitive
    description:
      name: simple_gesture_detector
      sha256: "86d08f85f1f58583b7b4b941d989f48ea6ce08c1724a1d10954a277c2ec36592"
      url: "https://pub.dev"
    source: hosted
    version: "0.2.0"
  sky_engine:
    dependency: transitive
    description: flutter
    source: sdk
    version: "0.0.99"
  source_gen:
    dependency: transitive
    description:
      name: source_gen
      sha256: "00f8b6b586f724a8c769c96f1d517511a41661c0aede644544d8d86a1ab11142"
      url: "https://pub.dev"
    source: hosted
    version: "1.2.2"
  source_helper:
    dependency: transitive
    description:
      name: source_helper
      sha256: "522d9b05c40ec14f479ce4428337d106c0465fedab42f514582c198460a784fe"
      url: "https://pub.dev"
    source: hosted
    version: "1.3.2"
  source_span:
    dependency: transitive
    description:
      name: source_span
      sha256: dd904f795d4b4f3b870833847c461801f6750a9fa8e61ea5ac53f9422b31f250
      url: "https://pub.dev"
    source: hosted
    version: "1.9.1"
  sqflite:
    dependency: "direct main"
    description:
      name: sqflite
      sha256: "51c09d414ca74b1cd4a5880d63763ebd2033a4fc6d921708c7c1e98c603735d4"
      url: "https://pub.dev"
    source: hosted
    version: "2.0.2+1"
  sqflite_common:
    dependency: transitive
    description:
      name: sqflite_common
      sha256: b504fc5b4576a05586a0bb99d9bcc0d37a78d9d5ed68b96c361d5d3a8e538275
      url: "https://pub.dev"
    source: hosted
    version: "2.2.1+1"
  stack_trace:
    dependency: transitive
    description:
      name: stack_trace
      sha256: c3c7d8edb15bee7f0f74debd4b9c5f3c2ea86766fe4178eb2a18eb30a0bdaed5
      url: "https://pub.dev"
    source: hosted
    version: "1.11.0"
  stream_channel:
    dependency: transitive
    description:
      name: stream_channel
      sha256: "83615bee9045c1d322bbbd1ba209b7a749c2cbcdcb3fdd1df8eb488b3279c1c8"
      url: "https://pub.dev"
    source: hosted
    version: "2.1.1"
  stream_chat:
    dependency: transitive
    description:
      name: stream_chat
      sha256: c5da6a781c060a12b612e283acce4378a88eec71e782a5215836eb887d2b778e
      url: "https://pub.dev"
    source: hosted
    version: "4.1.0"
  stream_chat_flutter:
    dependency: "direct main"
    description:
      name: stream_chat_flutter
      sha256: f07bcf460c35f8e80ee292291fcde33681b357d5083e1865ba37968b467eee5a
      url: "https://pub.dev"
    source: hosted
    version: "4.1.0"
  stream_chat_flutter_core:
    dependency: transitive
    description:
      name: stream_chat_flutter_core
      sha256: "4fecc2b4d9f457f253b55f172f14c885094754b5dafeb38e1109f7643b91857b"
      url: "https://pub.dev"
    source: hosted
    version: "4.1.0"
  string_scanner:
    dependency: transitive
    description:
      name: string_scanner
      sha256: "556692adab6cfa87322a115640c11f13cb77b3f076ddcc5d6ae3c20242bedcde"
      url: "https://pub.dev"
    source: hosted
    version: "1.2.0"
  substring_highlight:
    dependency: transitive
    description:
      name: substring_highlight
      sha256: "96c61e8316098831f6bee87d2386617e4be6aaf87fbc89402dc049d371b67efb"
      url: "https://pub.dev"
    source: hosted
    version: "1.0.33"
  synchronized:
    dependency: transitive
    description:
      name: synchronized
      sha256: a7f0790927c0806ae0d5eb061c713748fa6070ef0037e391a2d53c3844c09dc2
      url: "https://pub.dev"
    source: hosted
    version: "3.0.0+2"
  table_calendar:
    dependency: "direct main"
    description:
      name: table_calendar
      sha256: e9819ec074a3ed116975f02cbdc2d0792c3e1e2ab50b457ef10027b5afb100ce
      url: "https://pub.dev"
    source: hosted
    version: "3.0.5"
  term_glyph:
    dependency: transitive
    description:
      name: term_glyph
      sha256: a29248a84fbb7c79282b40b8c72a1209db169a2e0542bce341da992fe1bc7e84
      url: "https://pub.dev"
    source: hosted
    version: "1.2.1"
  test_api:
    dependency: transitive
    description:
      name: test_api
      sha256: ad540f65f92caa91bf21dfc8ffb8c589d6e4dc0c2267818b4cc2792857706206
      url: "https://pub.dev"
    source: hosted
    version: "0.4.16"
  timeago:
    dependency: "direct main"
    description:
      name: timeago
      sha256: "3a38963615f1178531afa7177199e37522cf8dcbd93a144b597e32ec6d84bd9f"
      url: "https://pub.dev"
    source: hosted
    version: "3.2.2"
  timelines:
    dependency: "direct main"
    description:
      name: timelines
      sha256: "40214f5ab772ff45459cb8c15e5f60505a6828af0c0eb1eec6f29ed911a4c1c5"
      url: "https://pub.dev"
    source: hosted
    version: "0.1.0"
  timezone:
    dependency: transitive
    description:
      name: timezone
      sha256: "57b35f6e8ef731f18529695bffc62f92c6189fac2e52c12d478dec1931afb66e"
      url: "https://pub.dev"
    source: hosted
    version: "0.8.0"
  typed_data:
    dependency: transitive
    description:
      name: typed_data
      sha256: "53bdf7e979cfbf3e28987552fd72f637e63f3c8724c9e56d9246942dc2fa36ee"
      url: "https://pub.dev"
    source: hosted
    version: "1.3.0"
  universal_io:
    dependency: transitive
    description:
      name: universal_io
      sha256: "79f78ddad839ee3aae3ec7c01eb4575faf0d5c860f8e5223bc9f9c17f7f03cef"
      url: "https://pub.dev"
    source: hosted
    version: "2.0.4"
  url_launcher:
    dependency: transitive
    description:
      name: url_launcher
      sha256: "2d9de5efddbd134ee68d73d0735e7477c00bcbf1ee91afa37514d6c876d38587"
      url: "https://pub.dev"
    source: hosted
    version: "6.1.0"
  url_launcher_android:
    dependency: transitive
    description:
      name: url_launcher_android
      sha256: "25072592e1bb3a12cf4fabd0cef79c2682ab5b0c81bf367eb535c299f081a34e"
      url: "https://pub.dev"
    source: hosted
    version: "6.0.16"
  url_launcher_ios:
    dependency: transitive
    description:
      name: url_launcher_ios
      sha256: e51a93f0da65733beb69fdbc43cea524d86ed8e524479e9faefc9304cec34a57
      url: "https://pub.dev"
    source: hosted
    version: "6.0.15"
  url_launcher_linux:
    dependency: transitive
    description:
      name: url_launcher_linux
      sha256: c3ec89d52305ec647cf037eafe2be8d2f1149b5723d1f2ec716fc3d58469de5d
      url: "https://pub.dev"
    source: hosted
    version: "3.0.0"
  url_launcher_macos:
    dependency: transitive
    description:
      name: url_launcher_macos
      sha256: c028c7f80fdb99cf48b94c471c0f8b9b855a188f4865df76e2a7663ae640e9d2
      url: "https://pub.dev"
    source: hosted
    version: "3.0.0"
  url_launcher_platform_interface:
    dependency: transitive
    description:
      name: url_launcher_platform_interface
      sha256: "1b9c4dab07794498b83b5f938e26b20f68c3b460a3015b0307f9541cb34ef93d"
      url: "https://pub.dev"
    source: hosted
    version: "2.0.5"
  url_launcher_web:
    dependency: transitive
    description:
      name: url_launcher_web
      sha256: "2b5494722d4eb0fe1a12ceb15a4b132ba7dfc92793089c243bf109bed828d97f"
      url: "https://pub.dev"
    source: hosted
    version: "2.0.9"
  url_launcher_windows:
    dependency: transitive
    description:
      name: url_launcher_windows
      sha256: aa14bdb9265fa22416fc387b33e44eb37fd38768bf465fafcec73d283f3457b1
      url: "https://pub.dev"
    source: hosted
    version: "3.0.0"
  uuid:
    dependency: transitive
    description:
      name: uuid
      sha256: "2469694ad079893e3b434a627970c33f2fa5adc46dfe03c9617546969a9a8afc"
      url: "https://pub.dev"
    source: hosted
    version: "3.0.6"
  vector_math:
    dependency: transitive
    description:
      name: vector_math
      sha256: "80b3257d1492ce4d091729e3a67a60407d227c27241d6927be0130c98e741803"
      url: "https://pub.dev"
    source: hosted
    version: "2.1.4"
  very_good_analysis:
    dependency: transitive
    description:
      name: very_good_analysis
      sha256: cecd7a0e92978dbece97c255502c8965f2db3439cde5a11f4b2c65f1955911ee
      url: "https://pub.dev"
    source: hosted
    version: "2.4.0"
  video_player:
    dependency: transitive
    description:
      name: video_player
      sha256: "53be4c24f3e3cb64d454bf9fc208e675bfe086a351a786f82848c0b9dc3b7c4d"
      url: "https://pub.dev"
    source: hosted
    version: "2.4.0"
  video_player_android:
    dependency: transitive
    description:
      name: video_player_android
      sha256: "6156475921835f61f548e55c2d6d9a200960de8e4ee6a79de88d07ce9c15cf4c"
      url: "https://pub.dev"
    source: hosted
    version: "2.3.2"
  video_player_avfoundation:
    dependency: transitive
    description:
      name: video_player_avfoundation
      sha256: "5371292942e3ea067e71c4e3d7c04a0092b2e140cba40a51bf73652ad8352175"
      url: "https://pub.dev"
    source: hosted
    version: "2.3.3"
  video_player_platform_interface:
    dependency: transitive
    description:
      name: video_player_platform_interface
      sha256: "5c30b0a764ea9859cb7500e0e8acab2afdd05399f77a9a22d97027122166f4be"
      url: "https://pub.dev"
    source: hosted
    version: "5.1.2"
  video_player_web:
    dependency: transitive
    description:
      name: video_player_web
      sha256: "68db634115981c32ecc353abe42b07a90084019440fb677134bc0d9dac3052a9"
      url: "https://pub.dev"
    source: hosted
    version: "2.0.8"
  video_thumbnail:
    dependency: transitive
    description:
      name: video_thumbnail
      sha256: fa50f687a64d66af787710fd145053597e778c3dd89fb812b0e4c44a69ba2743
      url: "https://pub.dev"
    source: hosted
    version: "0.5.0"
  wakelock:
    dependency: transitive
    description:
      name: wakelock
      sha256: b18a1a7b1ec71b1a9105766e06a73a2411e3eb5564bc569d99df92b57530bb4b
      url: "https://pub.dev"
    source: hosted
    version: "0.6.1+2"
  wakelock_macos:
    dependency: transitive
    description:
      name: wakelock_macos
      sha256: "047c6be2f88cb6b76d02553bca5a3a3b95323b15d30867eca53a19a0a319d4cd"
      url: "https://pub.dev"
    source: hosted
    version: "0.4.0"
  wakelock_platform_interface:
    dependency: transitive
    description:
      name: wakelock_platform_interface
      sha256: "1f4aeb81fb592b863da83d2d0f7b8196067451e4df91046c26b54a403f9de621"
      url: "https://pub.dev"
    source: hosted
    version: "0.3.0"
  wakelock_web:
    dependency: transitive
    description:
      name: wakelock_web
      sha256: "1b256b811ee3f0834888efddfe03da8d18d0819317f20f6193e2922b41a501b5"
      url: "https://pub.dev"
    source: hosted
    version: "0.4.0"
  wakelock_windows:
    dependency: transitive
    description:
      name: wakelock_windows
      sha256: "108b1b73711f1664ee462e73af34a9286ff496e27d4d8371e2fb4da8fde4cdac"
      url: "https://pub.dev"
    source: hosted
    version: "0.2.0"
  watcher:
    dependency: transitive
    description:
      name: watcher
      sha256: e42dfcc48f67618344da967b10f62de57e04bae01d9d3af4c2596f3712a88c99
      url: "https://pub.dev"
    source: hosted
    version: "1.0.1"
  web_socket_channel:
    dependency: transitive
    description:
      name: web_socket_channel
      sha256: "3a969ddcc204a3e34e863d204b29c0752716f78b6f9cc8235083208d268a4ccd"
      url: "https://pub.dev"
    source: hosted
    version: "2.2.0"
  win32:
    dependency: transitive
    description:
      name: win32
      sha256: "4658d864d83cdaedcbf3e65ad93b71880a3e8c9ee1ff15d855f88fb2da66cb8a"
      url: "https://pub.dev"
    source: hosted
    version: "2.5.2"
  x509:
    dependency: transitive
    description:
      name: x509
      sha256: d4dab1f888e9abe92d718d172c7500c165dc9104ad0a0da2b878b99f55a664b1
      url: "https://pub.dev"
    source: hosted
    version: "0.2.2"
  xdg_directories:
    dependency: transitive
    description:
      name: xdg_directories
      sha256: "060b6e1c891d956f72b5ac9463466c37cce3fa962a921532fc001e86fe93438e"
      url: "https://pub.dev"
    source: hosted
    version: "0.2.0+1"
  xml:
    dependency: transitive
    description:
      name: xml
      sha256: baa23bcba1ba4ce4b22c0c7a1d9c861e7015cb5169512676da0b85138e72840c
      url: "https://pub.dev"
    source: hosted
    version: "5.3.1"
  yaml:
    dependency: transitive
    description:
      name: yaml
      sha256: "3cee79b1715110341012d27756d9bae38e650588acd38d3f3c610822e1337ace"
      url: "https://pub.dev"
    source: hosted
    version: "3.1.0"
sdks:
  dart: ">=2.18.0 <3.0.0"
  flutter: ">=2.10.0"
